
Microsoft Visual Studio Solution File, Format Version 12.00
# Visual Studio Version 17
VisualStudioVersion = 17.11.35303.130
MinimumVisualStudioVersion = 10.0.40219.1
Project("{9A19103F-16F7-4668-BE54-9A1E7A4F7556}") = "Sudoku-Solver", "Sudoku-Solver\Sudoku-Solver.csproj", "{0D22AB87-B980-4845-8DFA-071834FCEE18}"
EndProject
Project("{FAE04EC0-301F-11D3-BF4B-00C04F79EFBC}") = "Sudoku-SolverTests", "Sudoku-SolverTests\Sudoku-SolverTests.csproj", "{C0EF7A7D-220F-45D9-A2A5-0320CE24ED74}"
EndProject
Global
	GlobalSection(SolutionConfigurationPlatforms) = preSolution
		Debug|Any CPU = Debug|Any CPU
		Release|Any CPU = Release|Any CPU
	EndGlobalSection
	GlobalSection(ProjectConfigurationPlatforms) = postSolution
		{0D22AB87-B980-4845-8DFA-071834FCEE18}.Debug|Any CPU.ActiveCfg = Debug|Any CPU
		{0D22AB87-B980-4845-8DFA-071834FCEE18}.Debug|Any CPU.Build.0 = Debug|Any CPU
		{0D22AB87-B980-4845-8DFA-071834FCEE18}.Release|Any CPU.ActiveCfg = Release|Any CPU
		{0D22AB87-B980-4845-8DFA-071834FCEE18}.Release|Any CPU.Build.0 = Release|Any CPU
		{C0EF7A7D-220F-45D9-A2A5-0320CE24ED74}.Debug|Any CPU.ActiveCfg = Debug|Any CPU
		{C0EF7A7D-220F-45D9-A2A5-0320CE24ED74}.Debug|Any CPU.Build.0 = Debug|Any CPU
		{C0EF7A7D-220F-45D9-A2A5-0320CE24ED74}.Release|Any CPU.ActiveCfg = Release|Any CPU
		{C0EF7A7D-220F-45D9-A2A5-0320CE24ED74}.Release|Any CPU.Build.0 = Release|Any CPU
	EndGlobalSection
	GlobalSection(SolutionProperties) = preSolution
		HideSolutionNode = FALSE
	EndGlobalSection
	GlobalSection(ExtensibilityGlobals) = postSolution
		SolutionGuid = {137FD81A-A68F-4DF9-B41B-528DAF0AB276}
	EndGlobalSection
EndGlobal
